
Microsoft Visual Studio Solution File, Format Version 12.00
Project("{FAE04EC0-301F-11D3-BF4B-00C04F79EFBC}") = "NotificationService.Api", "NotificationService.Api\NotificationService.Api.csproj", "{85E275C9-C8DD-4AE3-BDD9-6ECE75BC7F44}"
EndProject
Project("{FAE04EC0-301F-11D3-BF4B-00C04F79EFBC}") = "NotificationService.Application", "NotificationService.Application\NotificationService.Application.csproj", "{F250795C-2B58-415B-811F-A21631A42C2F}"
EndProject
Project("{FAE04EC0-301F-11D3-BF4B-00C04F79EFBC}") = "NotificationService.DataAccess", "NotificationService.DataAccess\NotificationService.DataAccess.csproj", "{527C7AC8-68CA-492D-9EA7-A1C049C49ED9}"
EndProject
Project("{FAE04EC0-301F-11D3-BF4B-00C04F79EFBC}") = "NotificationService.Infrastructure", "NotificationService.Infrastructure\NotificationService.Infrastructure.csproj", "{3A934929-240B-4922-BB0B-84BE345F623B}"
EndProject
Global
	GlobalSection(SolutionConfigurationPlatforms) = preSolution
		Debug|Any CPU = Debug|Any CPU
		Release|Any CPU = Release|Any CPU
	EndGlobalSection
	GlobalSection(ProjectConfigurationPlatforms) = postSolution
		{85E275C9-C8DD-4AE3-BDD9-6ECE75BC7F44}.Debug|Any CPU.ActiveCfg = Debug|Any CPU
		{85E275C9-C8DD-4AE3-BDD9-6ECE75BC7F44}.Debug|Any CPU.Build.0 = Debug|Any CPU
		{85E275C9-C8DD-4AE3-BDD9-6ECE75BC7F44}.Release|Any CPU.ActiveCfg = Release|Any CPU
		{85E275C9-C8DD-4AE3-BDD9-6ECE75BC7F44}.Release|Any CPU.Build.0 = Release|Any CPU
		{F250795C-2B58-415B-811F-A21631A42C2F}.Debug|Any CPU.ActiveCfg = Debug|Any CPU
		{F250795C-2B58-415B-811F-A21631A42C2F}.Debug|Any CPU.Build.0 = Debug|Any CPU
		{F250795C-2B58-415B-811F-A21631A42C2F}.Release|Any CPU.ActiveCfg = Release|Any CPU
		{F250795C-2B58-415B-811F-A21631A42C2F}.Release|Any CPU.Build.0 = Release|Any CPU
		{527C7AC8-68CA-492D-9EA7-A1C049C49ED9}.Debug|Any CPU.ActiveCfg = Debug|Any CPU
		{527C7AC8-68CA-492D-9EA7-A1C049C49ED9}.Debug|Any CPU.Build.0 = Debug|Any CPU
		{527C7AC8-68CA-492D-9EA7-A1C049C49ED9}.Release|Any CPU.ActiveCfg = Release|Any CPU
		{527C7AC8-68CA-492D-9EA7-A1C049C49ED9}.Release|Any CPU.Build.0 = Release|Any CPU
		{3A934929-240B-4922-BB0B-84BE345F623B}.Debug|Any CPU.ActiveCfg = Debug|Any CPU
		{3A934929-240B-4922-BB0B-84BE345F623B}.Debug|Any CPU.Build.0 = Debug|Any CPU
		{3A934929-240B-4922-BB0B-84BE345F623B}.Release|Any CPU.ActiveCfg = Release|Any CPU
		{3A934929-240B-4922-BB0B-84BE345F623B}.Release|Any CPU.Build.0 = Release|Any CPU
	EndGlobalSection
EndGlobal
